// !$*UTF8*$!
{
	archiveVersion = 1;
	classes = {
	};
	objectVersion = 46;
	objects = {

/* Begin PBXBuildFile section */
		F45E950B204FA1960083EF38 /* Solver.swift in Sources */ = {isa = PBXBuildFile; fileRef = F45E950A204FA1960083EF38 /* Solver.swift */; };
		F45E950E204FA2070083EF38 /* main.swift in Sources */ = {isa = PBXBuildFile; fileRef = F45E950D204FA2070083EF38 /* main.swift */; };
		F45E951B204FA2A90083EF38 /* UncoupledInteger.swift in Sources */ = {isa = PBXBuildFile; fileRef = F45E950F204FA2A80083EF38 /* UncoupledInteger.swift */; };
		F45E951C204FA2A90083EF38 /* MthLastElement.swift in Sources */ = {isa = PBXBuildFile; fileRef = F45E9510204FA2A80083EF38 /* MthLastElement.swift */; };
		F45E951D204FA2A90083EF38 /* Exponentiation.swift in Sources */ = {isa = PBXBuildFile; fileRef = F45E9511204FA2A80083EF38 /* Exponentiation.swift */; };
		F45E951E204FA2A90083EF38 /* CamelCase.swift in Sources */ = {isa = PBXBuildFile; fileRef = F45E9512204FA2A90083EF38 /* CamelCase.swift */; };
		F45E951F204FA2A90083EF38 /* ReverseEveryWord.swift in Sources */ = {isa = PBXBuildFile; fileRef = F45E9513204FA2A90083EF38 /* ReverseEveryWord.swift */; };
		F45E9520204FA2A90083EF38 /* StrongPassword.swift in Sources */ = {isa = PBXBuildFile; fileRef = F45E9514204FA2A90083EF38 /* StrongPassword.swift */; };
		F45E9521204FA2A90083EF38 /* Factorial.swift in Sources */ = {isa = PBXBuildFile; fileRef = F45E9515204FA2A90083EF38 /* Factorial.swift */; };
		F45E9522204FA2A90083EF38 /* FizzBuzz.swift in Sources */ = {isa = PBXBuildFile; fileRef = F45E9516204FA2A90083EF38 /* FizzBuzz.swift */; };
		F45E9523204FA2A90083EF38 /* StarPattern.swift in Sources */ = {isa = PBXBuildFile; fileRef = F45E9517204FA2A90083EF38 /* StarPattern.swift */; };
		F45E9524204FA2A90083EF38 /* BalanceDelimiter.swift in Sources */ = {isa = PBXBuildFile; fileRef = F45E9518204FA2A90083EF38 /* BalanceDelimiter.swift */; };
		F45E9525204FA2A90083EF38 /* FibonacciLite.swift in Sources */ = {isa = PBXBuildFile; fileRef = F45E9519204FA2A90083EF38 /* FibonacciLite.swift */; };
		F45E9526204FA2A90083EF38 /* ReverseInteger.swift in Sources */ = {isa = PBXBuildFile; fileRef = F45E951A204FA2A90083EF38 /* ReverseInteger.swift */; };
/* End PBXBuildFile section */

/* Begin PBXCopyFilesBuildPhase section */
		F4CE5AE3202865000094A611 /* CopyFiles */ = {
			isa = PBXCopyFilesBuildPhase;
			buildActionMask = 2147483647;
			dstPath = /usr/share/man/man1/;
			dstSubfolderSpec = 0;
			files = (
			);
			runOnlyForDeploymentPostprocessing = 1;
		};
/* End PBXCopyFilesBuildPhase section */

/* Begin PBXFileReference section */
		F45E950A204FA1960083EF38 /* Solver.swift */ = {isa = PBXFileReference; lastKnownFileType = sourcecode.swift; path = Solver.swift; sourceTree = "<group>"; };
		F45E950D204FA2070083EF38 /* main.swift */ = {isa = PBXFileReference; lastKnownFileType = sourcecode.swift; path = main.swift; sourceTree = "<group>"; };
		F45E950F204FA2A80083EF38 /* UncoupledInteger.swift */ = {isa = PBXFileReference; fileEncoding = 4; lastKnownFileType = sourcecode.swift; path = UncoupledInteger.swift; sourceTree = "<group>"; };
		F45E9510204FA2A80083EF38 /* MthLastElement.swift */ = {isa = PBXFileReference; fileEncoding = 4; lastKnownFileType = sourcecode.swift; path = MthLastElement.swift; sourceTree = "<group>"; };
		F45E9511204FA2A80083EF38 /* Exponentiation.swift */ = {isa = PBXFileReference; fileEncoding = 4; lastKnownFileType = sourcecode.swift; path = Exponentiation.swift; sourceTree = "<group>"; };
		F45E9512204FA2A90083EF38 /* CamelCase.swift */ = {isa = PBXFileReference; fileEncoding = 4; lastKnownFileType = sourcecode.swift; path = CamelCase.swift; sourceTree = "<group>"; };
		F45E9513204FA2A90083EF38 /* ReverseEveryWord.swift */ = {isa = PBXFileReference; fileEncoding = 4; lastKnownFileType = sourcecode.swift; path = ReverseEveryWord.swift; sourceTree = "<group>"; };
		F45E9514204FA2A90083EF38 /* StrongPassword.swift */ = {isa = PBXFileReference; fileEncoding = 4; lastKnownFileType = sourcecode.swift; path = StrongPassword.swift; sourceTree = "<group>"; };
		F45E9515204FA2A90083EF38 /* Factorial.swift */ = {isa = PBXFileReference; fileEncoding = 4; lastKnownFileType = sourcecode.swift; path = Factorial.swift; sourceTree = "<group>"; };
		F45E9516204FA2A90083EF38 /* FizzBuzz.swift */ = {isa = PBXFileReference; fileEncoding = 4; lastKnownFileType = sourcecode.swift; path = FizzBuzz.swift; sourceTree = "<group>"; };
		F45E9517204FA2A90083EF38 /* StarPattern.swift */ = {isa = PBXFileReference; fileEncoding = 4; lastKnownFileType = sourcecode.swift; path = StarPattern.swift; sourceTree = "<group>"; };
		F45E9518204FA2A90083EF38 /* BalanceDelimiter.swift */ = {isa = PBXFileReference; fileEncoding = 4; lastKnownFileType = sourcecode.swift; path = BalanceDelimiter.swift; sourceTree = "<group>"; };
		F45E9519204FA2A90083EF38 /* FibonacciLite.swift */ = {isa = PBXFileReference; fileEncoding = 4; lastKnownFileType = sourcecode.swift; path = FibonacciLite.swift; sourceTree = "<group>"; };
		F45E951A204FA2A90083EF38 /* ReverseInteger.swift */ = {isa = PBXFileReference; fileEncoding = 4; lastKnownFileType = sourcecode.swift; path = ReverseInteger.swift; sourceTree = "<group>"; };
		F4CE5AE5202865000094A611 /* CodingProblemSwift */ = {isa = PBXFileReference; explicitFileType = "compiled.mach-o.executable"; includeInIndex = 0; path = CodingProblemSwift; sourceTree = BUILT_PRODUCTS_DIR; };
/* End PBXFileReference section */

/* Begin PBXFrameworksBuildPhase section */
		F4CE5AE2202865000094A611 /* Frameworks */ = {
			isa = PBXFrameworksBuildPhase;
			buildActionMask = 2147483647;
			files = (
			);
			runOnlyForDeploymentPostprocessing = 0;
		};
/* End PBXFrameworksBuildPhase section */

/* Begin PBXGroup section */
		F45E9509204FA1320083EF38 /* Solver */ = {
			isa = PBXGroup;
			children = (
				F45E950A204FA1960083EF38 /* Solver.swift */,
			);
			path = Solver;
			sourceTree = "<group>";
		};
		F45E950C204FA1BC0083EF38 /* ProblemSolver */ = {
			isa = PBXGroup;
			children = (
				F45E9518204FA2A90083EF38 /* BalanceDelimiter.swift */,
				F45E9512204FA2A90083EF38 /* CamelCase.swift */,
				F45E9517204FA2A90083EF38 /* StarPattern.swift */,
				F45E9511204FA2A80083EF38 /* Exponentiation.swift */,
				F45E9515204FA2A90083EF38 /* Factorial.swift */,
				F45E9519204FA2A90083EF38 /* FibonacciLite.swift */,
				F45E9516204FA2A90083EF38 /* FizzBuzz.swift */,
				F45E9510204FA2A80083EF38 /* MthLastElement.swift */,
				F45E9513204FA2A90083EF38 /* ReverseEveryWord.swift */,
				F45E951A204FA2A90083EF38 /* ReverseInteger.swift */,
				F45E9514204FA2A90083EF38 /* StrongPassword.swift */,
				F45E950F204FA2A80083EF38 /* UncoupledInteger.swift */,
			);
			path = ProblemSolver;
			sourceTree = "<group>";
		};
		F4CE5ADC202865000094A611 = {
			isa = PBXGroup;
			children = (
				F4CE5AE7202865000094A611 /* CodingProblemSwift */,
				F4CE5AE6202865000094A611 /* Products */,
			);
			sourceTree = "<group>";
		};
		F4CE5AE6202865000094A611 /* Products */ = {
			isa = PBXGroup;
			children = (
				F4CE5AE5202865000094A611 /* CodingProblemSwift */,
			);
			name = Products;
			sourceTree = "<group>";
		};
		F4CE5AE7202865000094A611 /* CodingProblemSwift */ = {
			isa = PBXGroup;
			children = (
				F45E950C204FA1BC0083EF38 /* ProblemSolver */,
				F45E9509204FA1320083EF38 /* Solver */,
				F45E950D204FA2070083EF38 /* main.swift */,
			);
			path = CodingProblemSwift;
			sourceTree = "<group>";
		};
/* End PBXGroup section */

/* Begin PBXNativeTarget section */
		F4CE5AE4202865000094A611 /* CodingProblemSwift */ = {
			isa = PBXNativeTarget;
			buildConfigurationList = F4CE5AEC202865000094A611 /* Build configuration list for PBXNativeTarget "CodingProblemSwift" */;
			buildPhases = (
				F4CE5AE1202865000094A611 /* Sources */,
				F4CE5AE2202865000094A611 /* Frameworks */,
				F4CE5AE3202865000094A611 /* CopyFiles */,
			);
			buildRules = (
			);
			dependencies = (
			);
			name = CodingProblemSwift;
			productName = CodingProblemSwift;
			productReference = F4CE5AE5202865000094A611 /* CodingProblemSwift */;
			productType = "com.apple.product-type.tool";
		};
/* End PBXNativeTarget section */

/* Begin PBXProject section */
		F4CE5ADD202865000094A611 /* Project object */ = {
			isa = PBXProject;
			attributes = {
				LastSwiftUpdateCheck = 0830;
				LastUpgradeCheck = 0830;
				ORGANIZATIONNAME = "Iqbal Ansyori";
				TargetAttributes = {
					F4CE5AE4202865000094A611 = {
						CreatedOnToolsVersion = 8.3.3;
						ProvisioningStyle = Automatic;
					};
				};
			};
			buildConfigurationList = F4CE5AE0202865000094A611 /* Build configuration list for PBXProject "CodingProblemSwift" */;
			compatibilityVersion = "Xcode 3.2";
			developmentRegion = English;
			hasScannedForEncodings = 0;
			knownRegions = (
				en,
			);
			mainGroup = F4CE5ADC202865000094A611;
			productRefGroup = F4CE5AE6202865000094A611 /* Products */;
			projectDirPath = "";
			projectRoot = "";
			targets = (
				F4CE5AE4202865000094A611 /* CodingProblemSwift */,
			);
		};
/* End PBXProject section */

/* Begin PBXSourcesBuildPhase section */
		F4CE5AE1202865000094A611 /* Sources */ = {
			isa = PBXSourcesBuildPhase;
			buildActionMask = 2147483647;
			files = (
				F45E950B204FA1960083EF38 /* Solver.swift in Sources */,
				F45E951B204FA2A90083EF38 /* UncoupledInteger.swift in Sources */,
				F45E951D204FA2A90083EF38 /* Exponentiation.swift in Sources */,
				F45E9521204FA2A90083EF38 /* Factorial.swift in Sources */,
				F45E951F204FA2A90083EF38 /* ReverseEveryWord.swift in Sources */,
				F45E9522204FA2A90083EF38 /* FizzBuzz.swift in Sources */,
				F45E951C204FA2A90083EF38 /* MthLastElement.swift in Sources */,
				F45E9526204FA2A90083EF38 /* ReverseInteger.swift in Sources */,
				F45E9523204FA2A90083EF38 /* StarPattern.swift in Sources */,
				F45E951E204FA2A90083EF38 /* CamelCase.swift in Sources */,
				F45E950E204FA2070083EF38 /* main.swift in Sources */,
				F45E9524204FA2A90083EF38 /* BalanceDelimiter.swift in Sources */,
				F45E9525204FA2A90083EF38 /* FibonacciLite.swift in Sources */,
				F45E9520204FA2A90083EF38 /* StrongPassword.swift in Sources */,
			);
			runOnlyForDeploymentPostprocessing = 0;
		};
/* End PBXSourcesBuildPhase section */

/* Begin XCBuildConfiguration section */
		F4CE5AEA202865000094A611 /* Debug */ = {
			isa = XCBuildConfiguration;
			buildSettings = {
				ALWAYS_SEARCH_USER_PATHS = NO;
				CLANG_ANALYZER_NONNULL = YES;
				CLANG_ANALYZER_NUMBER_OBJECT_CONVERSION = YES_AGGRESSIVE;
				CLANG_CXX_LANGUAGE_STANDARD = "gnu++0x";
				CLANG_CXX_LIBRARY = "libc++";
				CLANG_ENABLE_MODULES = YES;
				CLANG_ENABLE_OBJC_ARC = YES;
				CLANG_WARN_BOOL_CONVERSION = YES;
				CLANG_WARN_CONSTANT_CONVERSION = YES;
				CLANG_WARN_DIRECT_OBJC_ISA_USAGE = YES_ERROR;
				CLANG_WARN_DOCUMENTATION_COMMENTS = YES;
				CLANG_WARN_EMPTY_BODY = YES;
				CLANG_WARN_ENUM_CONVERSION = YES;
				CLANG_WARN_INFINITE_RECURSION = YES;
				CLANG_WARN_INT_CONVERSION = YES;
				CLANG_WARN_OBJC_ROOT_CLASS = YES_ERROR;
				CLANG_WARN_SUSPICIOUS_MOVE = YES;
				CLANG_WARN_UNREACHABLE_CODE = YES;
				CLANG_WARN__DUPLICATE_METHOD_MATCH = YES;
				CODE_SIGN_IDENTITY = "-";
				COPY_PHASE_STRIP = NO;
				DEBUG_INFORMATION_FORMAT = dwarf;
				ENABLE_STRICT_OBJC_MSGSEND = YES;
				ENABLE_TESTABILITY = YES;
				GCC_C_LANGUAGE_STANDARD = gnu99;
				GCC_DYNAMIC_NO_PIC = NO;
				GCC_NO_COMMON_BLOCKS = YES;
				GCC_OPTIMIZATION_LEVEL = 0;
				GCC_PREPROCESSOR_DEFINITIONS = (
					"DEBUG=1",
					"$(inherited)",
				);
				GCC_WARN_64_TO_32_BIT_CONVERSION = YES;
				GCC_WARN_ABOUT_RETURN_TYPE = YES_ERROR;
				GCC_WARN_UNDECLARED_SELECTOR = YES;
				GCC_WARN_UNINITIALIZED_AUTOS = YES_AGGRESSIVE;
				GCC_WARN_UNUSED_FUNCTION = YES;
				GCC_WARN_UNUSED_VARIABLE = YES;
				MACOSX_DEPLOYMENT_TARGET = 10.12;
				MTL_ENABLE_DEBUG_INFO = YES;
				ONLY_ACTIVE_ARCH = YES;
				SDKROOT = macosx;
				SWIFT_OPTIMIZATION_LEVEL = "-Onone";
			};
			name = Debug;
		};
		F4CE5AEB202865000094A611 /* Release */ = {
			isa = XCBuildConfiguration;
			buildSettings = {
				ALWAYS_SEARCH_USER_PATHS = NO;
				CLANG_ANALYZER_NONNULL = YES;
				CLANG_ANALYZER_NUMBER_OBJECT_CONVERSION = YES_AGGRESSIVE;
				CLANG_CXX_LANGUAGE_STANDARD = "gnu++0x";
				CLANG_CXX_LIBRARY = "libc++";
				CLANG_ENABLE_MODULES = YES;
				CLANG_ENABLE_OBJC_ARC = YES;
				CLANG_WARN_BOOL_CONVERSION = YES;
				CLANG_WARN_CONSTANT_CONVERSION = YES;
				CLANG_WARN_DIRECT_OBJC_ISA_USAGE = YES_ERROR;
				CLANG_WARN_DOCUMENTATION_COMMENTS = YES;
				CLANG_WARN_EMPTY_BODY = YES;
				CLANG_WARN_ENUM_CONVERSION = YES;
				CLANG_WARN_INFINITE_RECURSION = YES;
				CLANG_WARN_INT_CONVERSION = YES;
				CLANG_WARN_OBJC_ROOT_CLASS = YES_ERROR;
				CLANG_WARN_SUSPICIOUS_MOVE = YES;
				CLANG_WARN_UNREACHABLE_CODE = YES;
				CLANG_WARN__DUPLICATE_METHOD_MATCH = YES;
				CODE_SIGN_IDENTITY = "-";
				COPY_PHASE_STRIP = NO;
				DEBUG_INFORMATION_FORMAT = "dwarf-with-dsym";
				ENABLE_NS_ASSERTIONS = NO;
				ENABLE_STRICT_OBJC_MSGSEND = YES;
				GCC_C_LANGUAGE_STANDARD = gnu99;
				GCC_NO_COMMON_BLOCKS = YES;
				GCC_WARN_64_TO_32_BIT_CONVERSION = YES;
				GCC_WARN_ABOUT_RETURN_TYPE = YES_ERROR;
				GCC_WARN_UNDECLARED_SELECTOR = YES;
				GCC_WARN_UNINITIALIZED_AUTOS = YES_AGGRESSIVE;
				GCC_WARN_UNUSED_FUNCTION = YES;
				GCC_WARN_UNUSED_VARIABLE = YES;
				MACOSX_DEPLOYMENT_TARGET = 10.12;
				MTL_ENABLE_DEBUG_INFO = NO;
				SDKROOT = macosx;
			};
			name = Release;
		};
		F4CE5AED202865000094A611 /* Debug */ = {
			isa = XCBuildConfiguration;
			buildSettings = {
				PRODUCT_NAME = "$(TARGET_NAME)";
				SWIFT_VERSION = 3.0;
			};
			name = Debug;
		};
		F4CE5AEE202865000094A611 /* Release */ = {
			isa = XCBuildConfiguration;
			buildSettings = {
				PRODUCT_NAME = "$(TARGET_NAME)";
				SWIFT_VERSION = 3.0;
			};
			name = Release;
		};
/* End XCBuildConfiguration section */

/* Begin XCConfigurationList section */
		F4CE5AE0202865000094A611 /* Build configuration list for PBXProject "CodingProblemSwift" */ = {
			isa = XCConfigurationList;
			buildConfigurations = (
				F4CE5AEA202865000094A611 /* Debug */,
				F4CE5AEB202865000094A611 /* Release */,
			);
			defaultConfigurationIsVisible = 0;
			defaultConfigurationName = Release;
		};
		F4CE5AEC202865000094A611 /* Build configuration list for PBXNativeTarget "CodingProblemSwift" */ = {
			isa = XCConfigurationList;
			buildConfigurations = (
				F4CE5AED202865000094A611 /* Debug */,
				F4CE5AEE202865000094A611 /* Release */,
			);
			defaultConfigurationIsVisible = 0;
			defaultConfigurationName = Release;
		};
/* End XCConfigurationList section */
	};
	rootObject = F4CE5ADD202865000094A611 /* Project object */;
}
